# @generated - this file is auto-generated by `mise lock` https://mise.en.dev/dev-tools/mise-lock.html

[[tools.bun]]
version = "1.3.14"
backend = "core:bun"

[tools.bun."platforms.linux-arm64"]
checksum = "sha256:a27ffb63a8310375836e0d6f668ae17fa8d8d18b88c37c821c65331973a19a3b"
url = "https://github.com/oven-sh/bun/releases/download/bun-v1.3.14/bun-linux-aarch64.zip"

[tools.bun."platforms.linux-arm64-musl"]
checksum = "sha256:b98e0ad3625c5c00d1d5b5ff55605c7adddbfae151861e68ade57b2d3b8703bb"
url = "https://github.com/oven-sh/bun/releases/download/bun-v1.3.14/bun-linux-aarch64-musl.zip"

[tools.bun."platforms.linux-x64"]
checksum = "sha256:951ee2aee855f08595aeec6225226a298d3fea83a3dcd6465c09cbccdf7e848f"
url = "https://github.com/oven-sh/bun/releases/download/bun-v1.3.14/bun-linux-x64.zip"

[tools.bun."platforms.linux-x64-baseline"]
checksum = "sha256:a063908ae08b7852ca10939bbdc6ceed3ddabce8fb9402dce83d65d73b36e6c7"
url = "https://github.com/oven-sh/bun/releases/download/bun-v1.3.14/bun-linux-x64-baseline.zip"

[tools.bun."platforms.linux-x64-musl"]
checksum = "sha256:14bd9aedeebf1dba67e8def9531c89bc989ecfdf1de42e5bfcaf1b8cd9294719"
url = "https://github.com/oven-sh/bun/releases/download/bun-v1.3.14/bun-linux-x64-musl.zip"

[tools.bun."platforms.linux-x64-musl-baseline"]
checksum = "sha256:56a7d6806cf155536c0178f0ea5fbd098e684fa509ebdb4fc0a7e19fb65382dc"
url = "https://github.com/oven-sh/bun/releases/download/bun-v1.3.14/bun-linux-x64-musl-baseline.zip"

[tools.bun."platforms.macos-arm64"]
checksum = "sha256:d8b96221828ad6f97ac7ac0ab7e95872341af763001e8803e8267652c2652620"
url = "https://github.com/oven-sh/bun/releases/download/bun-v1.3.14/bun-darwin-aarch64.zip"

[tools.bun."platforms.macos-x64"]
checksum = "sha256:4183df3374623e5bab315c547cfa0974533cd457d86b73b639f7a87974cd6633"
url = "https://github.com/oven-sh/bun/releases/download/bun-v1.3.14/bun-darwin-x64.zip"

[tools.bun."platforms.macos-x64-baseline"]
checksum = "sha256:3e35ad6f53971a9834bf9e6786e2adf72b5f1921cc9a9c5fde073d2972944076"
url = "https://github.com/oven-sh/bun/releases/download/bun-v1.3.14/bun-darwin-x64-baseline.zip"

[tools.bun."platforms.windows-x64"]
checksum = "sha256:0a0620930b6675d7ba440e81f4e0e00d3cfbe096c4b140d3fff02205e9e18922"
url = "https://github.com/oven-sh/bun/releases/download/bun-v1.3.14/bun-windows-x64.zip"

[tools.bun."platforms.windows-x64-baseline"]
checksum = "sha256:538f9c846355d9e847b2671bc00c47da4229a0befb24df3282b739770f3b475f"
url = "https://github.com/oven-sh/bun/releases/download/bun-v1.3.14/bun-windows-x64-baseline.zip"

[[tools.just]]
version = "1.51.0"
backend = "aqua:casey/just"

[tools.just."platforms.linux-arm64"]
checksum = "sha256:ed7ec466b77709198fd4afed253dba0270203ba5eb1c006bee2b0139090284f5"
url = "https://github.com/casey/just/releases/download/1.51.0/just-1.51.0-aarch64-unknown-linux-musl.tar.gz"

[tools.just."platforms.linux-arm64-musl"]
checksum = "sha256:ed7ec466b77709198fd4afed253dba0270203ba5eb1c006bee2b0139090284f5"
url = "https://github.com/casey/just/releases/download/1.51.0/just-1.51.0-aarch64-unknown-linux-musl.tar.gz"

[tools.just."platforms.linux-x64"]
checksum = "sha256:c8f085ca3e885723c341d06243fc291b5abfdc8bbe3b2c076b117de490387b59"
url = "https://github.com/casey/just/releases/download/1.51.0/just-1.51.0-x86_64-unknown-linux-musl.tar.gz"

[tools.just."platforms.linux-x64-baseline"]
checksum = "sha256:c8f085ca3e885723c341d06243fc291b5abfdc8bbe3b2c076b117de490387b59"
url = "https://github.com/casey/just/releases/download/1.51.0/just-1.51.0-x86_64-unknown-linux-musl.tar.gz"

[tools.just."platforms.linux-x64-musl"]
checksum = "sha256:c8f085ca3e885723c341d06243fc291b5abfdc8bbe3b2c076b117de490387b59"
url = "https://github.com/casey/just/releases/download/1.51.0/just-1.51.0-x86_64-unknown-linux-musl.tar.gz"

[tools.just."platforms.linux-x64-musl-baseline"]
checksum = "sha256:c8f085ca3e885723c341d06243fc291b5abfdc8bbe3b2c076b117de490387b59"
url = "https://github.com/casey/just/releases/download/1.51.0/just-1.51.0-x86_64-unknown-linux-musl.tar.gz"

[tools.just."platforms.macos-arm64"]
checksum = "sha256:61e3f1b8a545ff064b091eab4b6e14f8cc743ff15549be293b1e92f5b1467002"
url = "https://github.com/casey/just/releases/download/1.51.0/just-1.51.0-aarch64-apple-darwin.tar.gz"

[tools.just."platforms.macos-x64"]
checksum = "sha256:d583e45f1f9fcdd26069ad2fe3bb9dea414756d8d0752eb9093974cb5c0246f0"
url = "https://github.com/casey/just/releases/download/1.51.0/just-1.51.0-x86_64-apple-darwin.tar.gz"

[tools.just."platforms.macos-x64-baseline"]
checksum = "sha256:d583e45f1f9fcdd26069ad2fe3bb9dea414756d8d0752eb9093974cb5c0246f0"
url = "https://github.com/casey/just/releases/download/1.51.0/just-1.51.0-x86_64-apple-darwin.tar.gz"

[tools.just."platforms.windows-x64"]
checksum = "sha256:09d1138b6845e73f04bff5e26be3f57663bddca25e36fe6241d28a5aa310b64e"
url = "https://github.com/casey/just/releases/download/1.51.0/just-1.51.0-x86_64-pc-windows-msvc.zip"

[tools.just."platforms.windows-x64-baseline"]
checksum = "sha256:09d1138b6845e73f04bff5e26be3f57663bddca25e36fe6241d28a5aa310b64e"
url = "https://github.com/casey/just/releases/download/1.51.0/just-1.51.0-x86_64-pc-windows-msvc.zip"

[[tools.markdownlint-cli2]]
version = "0.22.1"
backend = "npm:markdownlint-cli2"

[[tools.oxfmt]]
version = "0.50.0"
backend = "npm:oxfmt"

[[tools.oxlint]]
version = "1.65.0"
backend = "npm:oxlint"

[[tools."pipx:mdformat"]]
version = "1.0.0"
backend = "pipx:mdformat"

[tools."pipx:mdformat".options]
uvx_args = "--with mdformat-gfm --with mdformat-admon --with mdformat-config --with mdformat-footnote --with mdformat-simple-breaks --with mdformat-web --with mdformat-ruff --with mdformat-gfm-alerts --with mdformat-toc --with mdformat-front-matters"

[[tools."pipx:pre-commit"]]
version = "4.6.0"
backend = "pipx:pre-commit"

[[tools.syft]]
version = "1.44.0"
backend = "aqua:anchore/syft"

[tools.syft."platforms.linux-arm64"]
checksum = "sha256:6f6cdcdc695721d91ce756e3b5bc3e3416599c464101f5e32e9c3f33054ee6d9"
url = "https://github.com/anchore/syft/releases/download/v1.44.0/syft_1.44.0_linux_arm64.tar.gz"

[tools.syft."platforms.linux-arm64-musl"]
checksum = "sha256:6f6cdcdc695721d91ce756e3b5bc3e3416599c464101f5e32e9c3f33054ee6d9"
url = "https://github.com/anchore/syft/releases/download/v1.44.0/syft_1.44.0_linux_arm64.tar.gz"

[tools.syft."platforms.linux-x64"]
checksum = "sha256:0e91737aee2b5baf1d255b959630194a302335d848ff97bb07921eb6205b5f5a"
url = "https://github.com/anchore/syft/releases/download/v1.44.0/syft_1.44.0_linux_amd64.tar.gz"

[tools.syft."platforms.linux-x64-baseline"]
checksum = "sha256:0e91737aee2b5baf1d255b959630194a302335d848ff97bb07921eb6205b5f5a"
url = "https://github.com/anchore/syft/releases/download/v1.44.0/syft_1.44.0_linux_amd64.tar.gz"

[tools.syft."platforms.linux-x64-musl"]
checksum = "sha256:0e91737aee2b5baf1d255b959630194a302335d848ff97bb07921eb6205b5f5a"
url = "https://github.com/anchore/syft/releases/download/v1.44.0/syft_1.44.0_linux_amd64.tar.gz"

[tools.syft."platforms.linux-x64-musl-baseline"]
checksum = "sha256:0e91737aee2b5baf1d255b959630194a302335d848ff97bb07921eb6205b5f5a"
url = "https://github.com/anchore/syft/releases/download/v1.44.0/syft_1.44.0_linux_amd64.tar.gz"

[tools.syft."platforms.macos-arm64"]
checksum = "sha256:24e4d34078ae81da7c82539616f0ccac3e226cf4f74a38ce6fb3463619e50a55"
url = "https://github.com/anchore/syft/releases/download/v1.44.0/syft_1.44.0_darwin_arm64.tar.gz"

[tools.syft."platforms.macos-x64"]
checksum = "sha256:c40ece5407927327f94f35901727dbc604b46857e04f04ec94a310845fb71bde"
url = "https://github.com/anchore/syft/releases/download/v1.44.0/syft_1.44.0_darwin_amd64.tar.gz"

[tools.syft."platforms.macos-x64-baseline"]
checksum = "sha256:c40ece5407927327f94f35901727dbc604b46857e04f04ec94a310845fb71bde"
url = "https://github.com/anchore/syft/releases/download/v1.44.0/syft_1.44.0_darwin_amd64.tar.gz"

[tools.syft."platforms.windows-x64"]
checksum = "sha256:195e786eb84ec145854f20528992e86637c77d1968731dfe6ce850c90e28f47a"
url = "https://github.com/anchore/syft/releases/download/v1.44.0/syft_1.44.0_windows_amd64.zip"

[tools.syft."platforms.windows-x64-baseline"]
checksum = "sha256:195e786eb84ec145854f20528992e86637c77d1968731dfe6ce850c90e28f47a"
url = "https://github.com/anchore/syft/releases/download/v1.44.0/syft_1.44.0_windows_amd64.zip"

[[tools.taplo]]
version = "0.10.0"
backend = "aqua:tamasfe/taplo"

[tools.taplo."platforms.linux-arm64"]
url = "https://github.com/tamasfe/taplo/releases/download/0.10.0/taplo-linux-aarch64.gz"

[tools.taplo."platforms.linux-arm64-musl"]
url = "https://github.com/tamasfe/taplo/releases/download/0.10.0/taplo-linux-aarch64.gz"

[tools.taplo."platforms.linux-x64"]
url = "https://github.com/tamasfe/taplo/releases/download/0.10.0/taplo-linux-x86_64.gz"

[tools.taplo."platforms.linux-x64-baseline"]
url = "https://github.com/tamasfe/taplo/releases/download/0.10.0/taplo-linux-x86_64.gz"

[tools.taplo."platforms.linux-x64-musl"]
url = "https://github.com/tamasfe/taplo/releases/download/0.10.0/taplo-linux-x86_64.gz"

[tools.taplo."platforms.linux-x64-musl-baseline"]
url = "https://github.com/tamasfe/taplo/releases/download/0.10.0/taplo-linux-x86_64.gz"

[tools.taplo."platforms.macos-arm64"]
url = "https://github.com/tamasfe/taplo/releases/download/0.10.0/taplo-darwin-aarch64.gz"

[tools.taplo."platforms.macos-x64"]
url = "https://github.com/tamasfe/taplo/releases/download/0.10.0/taplo-darwin-x86_64.gz"

[tools.taplo."platforms.macos-x64-baseline"]
url = "https://github.com/tamasfe/taplo/releases/download/0.10.0/taplo-darwin-x86_64.gz"

[tools.taplo."platforms.windows-x64"]
url = "https://github.com/tamasfe/taplo/releases/download/0.10.0/taplo-windows-x86_64.zip"

[tools.taplo."platforms.windows-x64-baseline"]
url = "https://github.com/tamasfe/taplo/releases/download/0.10.0/taplo-windows-x86_64.zip"
