# @generated - this file is auto-generated by `mise lock` https://mise.en.dev/dev-tools/mise-lock.html

[[tools."aqua:vercel-labs/agent-browser"]]
version = "0.33.0"
backend = "aqua:vercel-labs/agent-browser"

[tools."aqua:vercel-labs/agent-browser"."platforms.linux-arm64"]
checksum = "sha256:fa7b238d76ab45a429c089629417f4f15d68cac9c4369932e5d09d62dada9264"
url = "https://github.com/vercel-labs/agent-browser/releases/download/v0.33.0/agent-browser-linux-arm64"

[tools."aqua:vercel-labs/agent-browser"."platforms.linux-arm64-musl"]
checksum = "sha256:20eb6034dbc2b40364675fce1519210268c155748e737ff8ccc291311b965db0"
url = "https://github.com/vercel-labs/agent-browser/releases/download/v0.33.0/agent-browser-linux-musl-arm64"

[tools."aqua:vercel-labs/agent-browser"."platforms.linux-x64"]
checksum = "sha256:fec1a2718a35c3e6334df13bca80fe08fa0a2b99977ce8748dd10f6e1f4bffe1"
url = "https://github.com/vercel-labs/agent-browser/releases/download/v0.33.0/agent-browser-linux-musl-x64"

[tools."aqua:vercel-labs/agent-browser"."platforms.linux-x64-baseline"]
checksum = "sha256:fec1a2718a35c3e6334df13bca80fe08fa0a2b99977ce8748dd10f6e1f4bffe1"
url = "https://github.com/vercel-labs/agent-browser/releases/download/v0.33.0/agent-browser-linux-musl-x64"

[tools."aqua:vercel-labs/agent-browser"."platforms.linux-x64-musl"]
checksum = "sha256:fec1a2718a35c3e6334df13bca80fe08fa0a2b99977ce8748dd10f6e1f4bffe1"
url = "https://github.com/vercel-labs/agent-browser/releases/download/v0.33.0/agent-browser-linux-musl-x64"

[tools."aqua:vercel-labs/agent-browser"."platforms.linux-x64-musl-baseline"]
checksum = "sha256:fec1a2718a35c3e6334df13bca80fe08fa0a2b99977ce8748dd10f6e1f4bffe1"
url = "https://github.com/vercel-labs/agent-browser/releases/download/v0.33.0/agent-browser-linux-musl-x64"

[tools."aqua:vercel-labs/agent-browser"."platforms.macos-arm64"]
checksum = "sha256:d12b70c42e9816c8f44642df6c60c41ccc0b6f34d73f3cf891a5da14045b80e9"
url = "https://github.com/vercel-labs/agent-browser/releases/download/v0.33.0/agent-browser-darwin-arm64"

[tools."aqua:vercel-labs/agent-browser"."platforms.macos-x64"]
checksum = "sha256:bfa163965806bc2684763a8575ebcdfa2e702001d3733d4a10b10113c53e7ba8"
url = "https://github.com/vercel-labs/agent-browser/releases/download/v0.33.0/agent-browser-darwin-x64"

[tools."aqua:vercel-labs/agent-browser"."platforms.macos-x64-baseline"]
checksum = "sha256:bfa163965806bc2684763a8575ebcdfa2e702001d3733d4a10b10113c53e7ba8"
url = "https://github.com/vercel-labs/agent-browser/releases/download/v0.33.0/agent-browser-darwin-x64"

[tools."aqua:vercel-labs/agent-browser"."platforms.windows-x64"]
checksum = "sha256:2033bf28c66e3652b0e4dfe4fd07ba05c22a7678e89185d14c407230659bcc08"
url = "https://github.com/vercel-labs/agent-browser/releases/download/v0.33.0/agent-browser-win32-x64.exe"

[tools."aqua:vercel-labs/agent-browser"."platforms.windows-x64-baseline"]
checksum = "sha256:2033bf28c66e3652b0e4dfe4fd07ba05c22a7678e89185d14c407230659bcc08"
url = "https://github.com/vercel-labs/agent-browser/releases/download/v0.33.0/agent-browser-win32-x64.exe"

[[tools.bun]]
version = "1.3.14"
backend = "core:bun"

[tools.bun."platforms.linux-arm64"]
checksum = "sha256:a27ffb63a8310375836e0d6f668ae17fa8d8d18b88c37c821c65331973a19a3b"
url = "https://github.com/oven-sh/bun/releases/download/bun-v1.3.14/bun-linux-aarch64.zip"

[tools.bun."platforms.linux-arm64-musl"]
checksum = "sha256:b98e0ad3625c5c00d1d5b5ff55605c7adddbfae151861e68ade57b2d3b8703bb"
url = "https://github.com/oven-sh/bun/releases/download/bun-v1.3.14/bun-linux-aarch64-musl.zip"

[tools.bun."platforms.linux-x64"]
checksum = "sha256:951ee2aee855f08595aeec6225226a298d3fea83a3dcd6465c09cbccdf7e848f"
url = "https://github.com/oven-sh/bun/releases/download/bun-v1.3.14/bun-linux-x64.zip"

[tools.bun."platforms.linux-x64-baseline"]
checksum = "sha256:a063908ae08b7852ca10939bbdc6ceed3ddabce8fb9402dce83d65d73b36e6c7"
url = "https://github.com/oven-sh/bun/releases/download/bun-v1.3.14/bun-linux-x64-baseline.zip"

[tools.bun."platforms.linux-x64-musl"]
checksum = "sha256:14bd9aedeebf1dba67e8def9531c89bc989ecfdf1de42e5bfcaf1b8cd9294719"
url = "https://github.com/oven-sh/bun/releases/download/bun-v1.3.14/bun-linux-x64-musl.zip"

[tools.bun."platforms.linux-x64-musl-baseline"]
checksum = "sha256:56a7d6806cf155536c0178f0ea5fbd098e684fa509ebdb4fc0a7e19fb65382dc"
url = "https://github.com/oven-sh/bun/releases/download/bun-v1.3.14/bun-linux-x64-musl-baseline.zip"

[tools.bun."platforms.macos-arm64"]
checksum = "sha256:d8b96221828ad6f97ac7ac0ab7e95872341af763001e8803e8267652c2652620"
url = "https://github.com/oven-sh/bun/releases/download/bun-v1.3.14/bun-darwin-aarch64.zip"

[tools.bun."platforms.macos-x64"]
checksum = "sha256:4183df3374623e5bab315c547cfa0974533cd457d86b73b639f7a87974cd6633"
url = "https://github.com/oven-sh/bun/releases/download/bun-v1.3.14/bun-darwin-x64.zip"

[tools.bun."platforms.macos-x64-baseline"]
checksum = "sha256:3e35ad6f53971a9834bf9e6786e2adf72b5f1921cc9a9c5fde073d2972944076"
url = "https://github.com/oven-sh/bun/releases/download/bun-v1.3.14/bun-darwin-x64-baseline.zip"

[tools.bun."platforms.windows-x64"]
checksum = "sha256:0a0620930b6675d7ba440e81f4e0e00d3cfbe096c4b140d3fff02205e9e18922"
url = "https://github.com/oven-sh/bun/releases/download/bun-v1.3.14/bun-windows-x64.zip"

[tools.bun."platforms.windows-x64-baseline"]
checksum = "sha256:538f9c846355d9e847b2671bc00c47da4229a0befb24df3282b739770f3b475f"
url = "https://github.com/oven-sh/bun/releases/download/bun-v1.3.14/bun-windows-x64-baseline.zip"

[[tools.just]]
version = "1.57.0"
backend = "aqua:casey/just"

[tools.just."platforms.linux-arm64"]
checksum = "sha256:f225044a81adea6e0b3a8b9370aaf374e6af76c8735ae263ac993df55fd137ec"
url = "https://github.com/casey/just/releases/download/1.57.0/just-1.57.0-aarch64-unknown-linux-musl.tar.gz"

[tools.just."platforms.linux-arm64-musl"]
checksum = "sha256:f225044a81adea6e0b3a8b9370aaf374e6af76c8735ae263ac993df55fd137ec"
url = "https://github.com/casey/just/releases/download/1.57.0/just-1.57.0-aarch64-unknown-linux-musl.tar.gz"

[tools.just."platforms.linux-x64"]
checksum = "sha256:45b548094283cb9739af8f13273b8cddeee869f5b4ef2bb631b1f311cb566155"
url = "https://github.com/casey/just/releases/download/1.57.0/just-1.57.0-x86_64-unknown-linux-musl.tar.gz"

[tools.just."platforms.linux-x64-baseline"]
checksum = "sha256:45b548094283cb9739af8f13273b8cddeee869f5b4ef2bb631b1f311cb566155"
url = "https://github.com/casey/just/releases/download/1.57.0/just-1.57.0-x86_64-unknown-linux-musl.tar.gz"

[tools.just."platforms.linux-x64-musl"]
checksum = "sha256:45b548094283cb9739af8f13273b8cddeee869f5b4ef2bb631b1f311cb566155"
url = "https://github.com/casey/just/releases/download/1.57.0/just-1.57.0-x86_64-unknown-linux-musl.tar.gz"

[tools.just."platforms.linux-x64-musl-baseline"]
checksum = "sha256:45b548094283cb9739af8f13273b8cddeee869f5b4ef2bb631b1f311cb566155"
url = "https://github.com/casey/just/releases/download/1.57.0/just-1.57.0-x86_64-unknown-linux-musl.tar.gz"

[tools.just."platforms.macos-arm64"]
checksum = "sha256:0381db216c2f97ce31d838a1562c1064dfbfa73f5a8a81581338a2cd9217df47"
url = "https://github.com/casey/just/releases/download/1.57.0/just-1.57.0-aarch64-apple-darwin.tar.gz"

[tools.just."platforms.macos-x64"]
checksum = "sha256:5e6ade3698095576274b2b32cc9e5d467185e8e40b04949004c04cc3d7e962dc"
url = "https://github.com/casey/just/releases/download/1.57.0/just-1.57.0-x86_64-apple-darwin.tar.gz"

[tools.just."platforms.macos-x64-baseline"]
checksum = "sha256:5e6ade3698095576274b2b32cc9e5d467185e8e40b04949004c04cc3d7e962dc"
url = "https://github.com/casey/just/releases/download/1.57.0/just-1.57.0-x86_64-apple-darwin.tar.gz"

[tools.just."platforms.windows-x64"]
checksum = "sha256:4c7391d17cb1d17b758b52004ee6411372b8a13ff37c3c9b9031625cb6026e09"
url = "https://github.com/casey/just/releases/download/1.57.0/just-1.57.0-x86_64-pc-windows-msvc.zip"

[tools.just."platforms.windows-x64-baseline"]
checksum = "sha256:4c7391d17cb1d17b758b52004ee6411372b8a13ff37c3c9b9031625cb6026e09"
url = "https://github.com/casey/just/releases/download/1.57.0/just-1.57.0-x86_64-pc-windows-msvc.zip"

[[tools.markdownlint-cli2]]
version = "0.23.1"
backend = "npm:markdownlint-cli2"

[[tools.oxfmt]]
version = "0.60.0"
backend = "npm:oxfmt"

[[tools.oxlint]]
version = "1.75.0"
backend = "npm:oxlint"

[[tools."pipx:mdformat"]]
version = "1.0.0"
backend = "pipx:mdformat"

[tools."pipx:mdformat".options]
uvx_args = "--with mdformat-gfm --with mdformat-admon --with mdformat-config --with mdformat-footnote --with mdformat-simple-breaks --with mdformat-web --with mdformat-ruff --with mdformat-gfm-alerts --with mdformat-toc --with mdformat-front-matters"

[[tools."pipx:pre-commit"]]
version = "4.6.1"
backend = "pipx:pre-commit"

[[tools.syft]]
version = "1.49.0"
backend = "aqua:anchore/syft"

[tools.syft."platforms.linux-arm64"]
checksum = "sha256:c7c32de183c32368de197edba75e8dba7632915f7761bacd55149a9ca7fe0fa4"
url = "https://github.com/anchore/syft/releases/download/v1.49.0/syft_1.49.0_linux_arm64.tar.gz"

[tools.syft."platforms.linux-arm64-musl"]
checksum = "sha256:c7c32de183c32368de197edba75e8dba7632915f7761bacd55149a9ca7fe0fa4"
url = "https://github.com/anchore/syft/releases/download/v1.49.0/syft_1.49.0_linux_arm64.tar.gz"

[tools.syft."platforms.linux-x64"]
checksum = "sha256:7aa2f03ee92739cf643279ba3990548b9925d4e22cae13f46831ee62821147fe"
url = "https://github.com/anchore/syft/releases/download/v1.49.0/syft_1.49.0_linux_amd64.tar.gz"

[tools.syft."platforms.linux-x64-baseline"]
checksum = "sha256:7aa2f03ee92739cf643279ba3990548b9925d4e22cae13f46831ee62821147fe"
url = "https://github.com/anchore/syft/releases/download/v1.49.0/syft_1.49.0_linux_amd64.tar.gz"

[tools.syft."platforms.linux-x64-musl"]
checksum = "sha256:7aa2f03ee92739cf643279ba3990548b9925d4e22cae13f46831ee62821147fe"
url = "https://github.com/anchore/syft/releases/download/v1.49.0/syft_1.49.0_linux_amd64.tar.gz"

[tools.syft."platforms.linux-x64-musl-baseline"]
checksum = "sha256:7aa2f03ee92739cf643279ba3990548b9925d4e22cae13f46831ee62821147fe"
url = "https://github.com/anchore/syft/releases/download/v1.49.0/syft_1.49.0_linux_amd64.tar.gz"

[tools.syft."platforms.macos-arm64"]
checksum = "sha256:4d137302fb3e049cb1b124b1cbd840a77280dc9f50a45a5a4389250a2228b3cb"
url = "https://github.com/anchore/syft/releases/download/v1.49.0/syft_1.49.0_darwin_arm64.tar.gz"

[tools.syft."platforms.macos-x64"]
checksum = "sha256:a18ba5c48a4e75d0d87cae7b36b93bdfc04ddd5ea69b87bec9f7cd9431a8cdb9"
url = "https://github.com/anchore/syft/releases/download/v1.49.0/syft_1.49.0_darwin_amd64.tar.gz"

[tools.syft."platforms.macos-x64-baseline"]
checksum = "sha256:a18ba5c48a4e75d0d87cae7b36b93bdfc04ddd5ea69b87bec9f7cd9431a8cdb9"
url = "https://github.com/anchore/syft/releases/download/v1.49.0/syft_1.49.0_darwin_amd64.tar.gz"

[tools.syft."platforms.windows-x64"]
checksum = "sha256:6edff6c6e06ddd43ae3b779099653f499a856009786b5375a7cf23aed6b67b1a"
url = "https://github.com/anchore/syft/releases/download/v1.49.0/syft_1.49.0_windows_amd64.zip"

[tools.syft."platforms.windows-x64-baseline"]
checksum = "sha256:6edff6c6e06ddd43ae3b779099653f499a856009786b5375a7cf23aed6b67b1a"
url = "https://github.com/anchore/syft/releases/download/v1.49.0/syft_1.49.0_windows_amd64.zip"

[[tools.taplo]]
version = "0.10.0"
backend = "aqua:tamasfe/taplo"

[tools.taplo."platforms.linux-arm64"]
url = "https://github.com/tamasfe/taplo/releases/download/0.10.0/taplo-linux-aarch64.gz"
url_api = "https://api.github.com/repos/tamasfe/taplo/releases/assets/257322597"

[tools.taplo."platforms.linux-arm64-musl"]
url = "https://github.com/tamasfe/taplo/releases/download/0.10.0/taplo-linux-aarch64.gz"
url_api = "https://api.github.com/repos/tamasfe/taplo/releases/assets/257322597"

[tools.taplo."platforms.linux-x64"]
url = "https://github.com/tamasfe/taplo/releases/download/0.10.0/taplo-linux-x86_64.gz"
url_api = "https://api.github.com/repos/tamasfe/taplo/releases/assets/257322600"

[tools.taplo."platforms.linux-x64-baseline"]
url = "https://github.com/tamasfe/taplo/releases/download/0.10.0/taplo-linux-x86_64.gz"
url_api = "https://api.github.com/repos/tamasfe/taplo/releases/assets/257322600"

[tools.taplo."platforms.linux-x64-musl"]
url = "https://github.com/tamasfe/taplo/releases/download/0.10.0/taplo-linux-x86_64.gz"
url_api = "https://api.github.com/repos/tamasfe/taplo/releases/assets/257322600"

[tools.taplo."platforms.linux-x64-musl-baseline"]
url = "https://github.com/tamasfe/taplo/releases/download/0.10.0/taplo-linux-x86_64.gz"
url_api = "https://api.github.com/repos/tamasfe/taplo/releases/assets/257322600"

[tools.taplo."platforms.macos-arm64"]
url = "https://github.com/tamasfe/taplo/releases/download/0.10.0/taplo-darwin-aarch64.gz"
url_api = "https://api.github.com/repos/tamasfe/taplo/releases/assets/257323110"

[tools.taplo."platforms.macos-x64"]
url = "https://github.com/tamasfe/taplo/releases/download/0.10.0/taplo-darwin-x86_64.gz"
url_api = "https://api.github.com/repos/tamasfe/taplo/releases/assets/257323116"

[tools.taplo."platforms.macos-x64-baseline"]
url = "https://github.com/tamasfe/taplo/releases/download/0.10.0/taplo-darwin-x86_64.gz"
url_api = "https://api.github.com/repos/tamasfe/taplo/releases/assets/257323116"

[tools.taplo."platforms.windows-x64"]
checksum = "blake3:2e8452e361c735169a8ce92d36b22e451e3504a8d996e7603f9840dddffb93a7"
url = "https://github.com/tamasfe/taplo/releases/download/0.10.0/taplo-windows-x86_64.zip"
url_api = "https://api.github.com/repos/tamasfe/taplo/releases/assets/257323062"

[tools.taplo."platforms.windows-x64-baseline"]
url = "https://github.com/tamasfe/taplo/releases/download/0.10.0/taplo-windows-x86_64.zip"
url_api = "https://api.github.com/repos/tamasfe/taplo/releases/assets/257323062"
