# @generated - this file is auto-generated by `mise lock` https://mise.en.dev/dev-tools/mise-lock.html

[[tools."aqua:vercel-labs/agent-browser"]]
version = "0.31.1"
backend = "aqua:vercel-labs/agent-browser"

[tools."aqua:vercel-labs/agent-browser"."platforms.linux-arm64"]
checksum = "sha256:5f80bff26b25e9a9f712be64dda1f8ea2b22213a1a07c0f97ea8f9f226c2894b"
url = "https://github.com/vercel-labs/agent-browser/releases/download/v0.31.1/agent-browser-linux-arm64"
url_api = "https://api.github.com/repos/vercel-labs/agent-browser/releases/assets/458830052"

[tools."aqua:vercel-labs/agent-browser"."platforms.linux-arm64-musl"]
checksum = "sha256:1ca397f714820ca954c6b575e816c08acc937ffacea2b901f5cf6524fc4a6853"
url = "https://github.com/vercel-labs/agent-browser/releases/download/v0.31.1/agent-browser-linux-musl-arm64"
url_api = "https://api.github.com/repos/vercel-labs/agent-browser/releases/assets/458830053"

[tools."aqua:vercel-labs/agent-browser"."platforms.linux-x64"]
checksum = "sha256:b7492a3e00e52790bffbd2900c399265e6a80598276f89fb8b2fbfa314cc8d22"
url = "https://github.com/vercel-labs/agent-browser/releases/download/v0.31.1/agent-browser-linux-musl-x64"
url_api = "https://api.github.com/repos/vercel-labs/agent-browser/releases/assets/458830054"

[tools."aqua:vercel-labs/agent-browser"."platforms.linux-x64-baseline"]
checksum = "sha256:b7492a3e00e52790bffbd2900c399265e6a80598276f89fb8b2fbfa314cc8d22"
url = "https://github.com/vercel-labs/agent-browser/releases/download/v0.31.1/agent-browser-linux-musl-x64"
url_api = "https://api.github.com/repos/vercel-labs/agent-browser/releases/assets/458830054"

[tools."aqua:vercel-labs/agent-browser"."platforms.linux-x64-musl"]
checksum = "sha256:b7492a3e00e52790bffbd2900c399265e6a80598276f89fb8b2fbfa314cc8d22"
url = "https://github.com/vercel-labs/agent-browser/releases/download/v0.31.1/agent-browser-linux-musl-x64"
url_api = "https://api.github.com/repos/vercel-labs/agent-browser/releases/assets/458830054"

[tools."aqua:vercel-labs/agent-browser"."platforms.linux-x64-musl-baseline"]
checksum = "sha256:b7492a3e00e52790bffbd2900c399265e6a80598276f89fb8b2fbfa314cc8d22"
url = "https://github.com/vercel-labs/agent-browser/releases/download/v0.31.1/agent-browser-linux-musl-x64"
url_api = "https://api.github.com/repos/vercel-labs/agent-browser/releases/assets/458830054"

[tools."aqua:vercel-labs/agent-browser"."platforms.macos-arm64"]
checksum = "sha256:fd7acd17b3071ff7f75a03c1ecd30501959d9c2d063bdaa05adb6f77abf2a7bf"
url = "https://github.com/vercel-labs/agent-browser/releases/download/v0.31.1/agent-browser-darwin-arm64"
url_api = "https://api.github.com/repos/vercel-labs/agent-browser/releases/assets/458830055"

[tools."aqua:vercel-labs/agent-browser"."platforms.macos-x64"]
checksum = "sha256:05aa3e2ed3550e06fb3eb7423a1cef0d9d6031c4d6a8835b9dbe033baf83ef6d"
url = "https://github.com/vercel-labs/agent-browser/releases/download/v0.31.1/agent-browser-darwin-x64"
url_api = "https://api.github.com/repos/vercel-labs/agent-browser/releases/assets/458830058"

[tools."aqua:vercel-labs/agent-browser"."platforms.macos-x64-baseline"]
checksum = "sha256:05aa3e2ed3550e06fb3eb7423a1cef0d9d6031c4d6a8835b9dbe033baf83ef6d"
url = "https://github.com/vercel-labs/agent-browser/releases/download/v0.31.1/agent-browser-darwin-x64"
url_api = "https://api.github.com/repos/vercel-labs/agent-browser/releases/assets/458830058"

[tools."aqua:vercel-labs/agent-browser"."platforms.windows-x64"]
checksum = "sha256:0a355020b0ff2f9199fbb7385a0b8b7e16b548bb0d6df64498b456b76898adfa"
url = "https://github.com/vercel-labs/agent-browser/releases/download/v0.31.1/agent-browser-win32-x64.exe"
url_api = "https://api.github.com/repos/vercel-labs/agent-browser/releases/assets/458830087"

[tools."aqua:vercel-labs/agent-browser"."platforms.windows-x64-baseline"]
checksum = "sha256:0a355020b0ff2f9199fbb7385a0b8b7e16b548bb0d6df64498b456b76898adfa"
url = "https://github.com/vercel-labs/agent-browser/releases/download/v0.31.1/agent-browser-win32-x64.exe"
url_api = "https://api.github.com/repos/vercel-labs/agent-browser/releases/assets/458830087"

[[tools.bun]]
version = "1.3.14"
backend = "core:bun"

[tools.bun."platforms.linux-arm64"]
checksum = "sha256:a27ffb63a8310375836e0d6f668ae17fa8d8d18b88c37c821c65331973a19a3b"
url = "https://github.com/oven-sh/bun/releases/download/bun-v1.3.14/bun-linux-aarch64.zip"

[tools.bun."platforms.linux-arm64-musl"]
checksum = "sha256:b98e0ad3625c5c00d1d5b5ff55605c7adddbfae151861e68ade57b2d3b8703bb"
url = "https://github.com/oven-sh/bun/releases/download/bun-v1.3.14/bun-linux-aarch64-musl.zip"

[tools.bun."platforms.linux-x64"]
checksum = "sha256:951ee2aee855f08595aeec6225226a298d3fea83a3dcd6465c09cbccdf7e848f"
url = "https://github.com/oven-sh/bun/releases/download/bun-v1.3.14/bun-linux-x64.zip"

[tools.bun."platforms.linux-x64-baseline"]
checksum = "sha256:a063908ae08b7852ca10939bbdc6ceed3ddabce8fb9402dce83d65d73b36e6c7"
url = "https://github.com/oven-sh/bun/releases/download/bun-v1.3.14/bun-linux-x64-baseline.zip"

[tools.bun."platforms.linux-x64-musl"]
checksum = "sha256:14bd9aedeebf1dba67e8def9531c89bc989ecfdf1de42e5bfcaf1b8cd9294719"
url = "https://github.com/oven-sh/bun/releases/download/bun-v1.3.14/bun-linux-x64-musl.zip"

[tools.bun."platforms.linux-x64-musl-baseline"]
checksum = "sha256:56a7d6806cf155536c0178f0ea5fbd098e684fa509ebdb4fc0a7e19fb65382dc"
url = "https://github.com/oven-sh/bun/releases/download/bun-v1.3.14/bun-linux-x64-musl-baseline.zip"

[tools.bun."platforms.macos-arm64"]
checksum = "sha256:d8b96221828ad6f97ac7ac0ab7e95872341af763001e8803e8267652c2652620"
url = "https://github.com/oven-sh/bun/releases/download/bun-v1.3.14/bun-darwin-aarch64.zip"

[tools.bun."platforms.macos-x64"]
checksum = "sha256:4183df3374623e5bab315c547cfa0974533cd457d86b73b639f7a87974cd6633"
url = "https://github.com/oven-sh/bun/releases/download/bun-v1.3.14/bun-darwin-x64.zip"

[tools.bun."platforms.macos-x64-baseline"]
checksum = "sha256:3e35ad6f53971a9834bf9e6786e2adf72b5f1921cc9a9c5fde073d2972944076"
url = "https://github.com/oven-sh/bun/releases/download/bun-v1.3.14/bun-darwin-x64-baseline.zip"

[tools.bun."platforms.windows-x64"]
checksum = "sha256:0a0620930b6675d7ba440e81f4e0e00d3cfbe096c4b140d3fff02205e9e18922"
url = "https://github.com/oven-sh/bun/releases/download/bun-v1.3.14/bun-windows-x64.zip"

[tools.bun."platforms.windows-x64-baseline"]
checksum = "sha256:538f9c846355d9e847b2671bc00c47da4229a0befb24df3282b739770f3b475f"
url = "https://github.com/oven-sh/bun/releases/download/bun-v1.3.14/bun-windows-x64-baseline.zip"

[[tools.just]]
version = "1.56.0"
backend = "aqua:casey/just"

[tools.just."platforms.linux-arm64"]
checksum = "sha256:c8c1d656e9f47569ec1ae2bf8779af2621cdeea6bbbba3b0cacd64f951d25e2b"
url = "https://github.com/casey/just/releases/download/1.56.0/just-1.56.0-aarch64-unknown-linux-musl.tar.gz"
url_api = "https://api.github.com/repos/casey/just/releases/assets/472074960"

[tools.just."platforms.linux-arm64-musl"]
checksum = "sha256:c8c1d656e9f47569ec1ae2bf8779af2621cdeea6bbbba3b0cacd64f951d25e2b"
url = "https://github.com/casey/just/releases/download/1.56.0/just-1.56.0-aarch64-unknown-linux-musl.tar.gz"
url_api = "https://api.github.com/repos/casey/just/releases/assets/472074960"

[tools.just."platforms.linux-x64"]
checksum = "sha256:fa2a8ec1015d9df5330941ade12437488fc40d33f9c9f8cd4eb70a26de11b639"
url = "https://github.com/casey/just/releases/download/1.56.0/just-1.56.0-x86_64-unknown-linux-musl.tar.gz"
url_api = "https://api.github.com/repos/casey/just/releases/assets/472074624"

[tools.just."platforms.linux-x64-baseline"]
checksum = "sha256:fa2a8ec1015d9df5330941ade12437488fc40d33f9c9f8cd4eb70a26de11b639"
url = "https://github.com/casey/just/releases/download/1.56.0/just-1.56.0-x86_64-unknown-linux-musl.tar.gz"
url_api = "https://api.github.com/repos/casey/just/releases/assets/472074624"

[tools.just."platforms.linux-x64-musl"]
checksum = "sha256:fa2a8ec1015d9df5330941ade12437488fc40d33f9c9f8cd4eb70a26de11b639"
url = "https://github.com/casey/just/releases/download/1.56.0/just-1.56.0-x86_64-unknown-linux-musl.tar.gz"
url_api = "https://api.github.com/repos/casey/just/releases/assets/472074624"

[tools.just."platforms.linux-x64-musl-baseline"]
checksum = "sha256:fa2a8ec1015d9df5330941ade12437488fc40d33f9c9f8cd4eb70a26de11b639"
url = "https://github.com/casey/just/releases/download/1.56.0/just-1.56.0-x86_64-unknown-linux-musl.tar.gz"
url_api = "https://api.github.com/repos/casey/just/releases/assets/472074624"

[tools.just."platforms.macos-arm64"]
checksum = "sha256:f35798d4bcdc4db020eef7d2853ad98bbfb97a4d29ee695ba042f18e7fedcc11"
url = "https://github.com/casey/just/releases/download/1.56.0/just-1.56.0-aarch64-apple-darwin.tar.gz"
url_api = "https://api.github.com/repos/casey/just/releases/assets/472074635"

[tools.just."platforms.macos-x64"]
checksum = "sha256:09b35ff6d17023ffae37ce408d1a78a976d9e001cae54b88e238f7f40db9b783"
url = "https://github.com/casey/just/releases/download/1.56.0/just-1.56.0-x86_64-apple-darwin.tar.gz"
url_api = "https://api.github.com/repos/casey/just/releases/assets/472074650"

[tools.just."platforms.macos-x64-baseline"]
checksum = "sha256:09b35ff6d17023ffae37ce408d1a78a976d9e001cae54b88e238f7f40db9b783"
url = "https://github.com/casey/just/releases/download/1.56.0/just-1.56.0-x86_64-apple-darwin.tar.gz"
url_api = "https://api.github.com/repos/casey/just/releases/assets/472074650"

[tools.just."platforms.windows-x64"]
checksum = "sha256:804f5b2fe94291d0df38fd8dfc5620afbf3496f8f11c1915b42a87323234f0ba"
url = "https://github.com/casey/just/releases/download/1.56.0/just-1.56.0-x86_64-pc-windows-msvc.zip"
url_api = "https://api.github.com/repos/casey/just/releases/assets/472075917"

[tools.just."platforms.windows-x64-baseline"]
checksum = "sha256:804f5b2fe94291d0df38fd8dfc5620afbf3496f8f11c1915b42a87323234f0ba"
url = "https://github.com/casey/just/releases/download/1.56.0/just-1.56.0-x86_64-pc-windows-msvc.zip"
url_api = "https://api.github.com/repos/casey/just/releases/assets/472075917"

[[tools.markdownlint-cli2]]
version = "0.23.0"
backend = "npm:markdownlint-cli2"

[[tools.oxfmt]]
version = "0.58.0"
backend = "npm:oxfmt"

[[tools.oxlint]]
version = "1.73.0"
backend = "npm:oxlint"

[[tools."pipx:mdformat"]]
version = "1.0.0"
backend = "pipx:mdformat"

[tools."pipx:mdformat".options]
uvx_args = "--with mdformat-gfm --with mdformat-admon --with mdformat-config --with mdformat-footnote --with mdformat-simple-breaks --with mdformat-web --with mdformat-ruff --with mdformat-gfm-alerts --with mdformat-toc --with mdformat-front-matters"

[[tools."pipx:pre-commit"]]
version = "4.6.0"
backend = "pipx:pre-commit"

[[tools.syft]]
version = "1.46.0"
backend = "aqua:anchore/syft"

[tools.syft."platforms.linux-arm64"]
checksum = "sha256:9fafef4db4f032ce81008d3a1529985d41ceb6ccdf2b388c9ce2f1ed7d32082e"
url = "https://github.com/anchore/syft/releases/download/v1.46.0/syft_1.46.0_linux_arm64.tar.gz"
url_api = "https://api.github.com/repos/anchore/syft/releases/assets/458512839"

[tools.syft."platforms.linux-arm64-musl"]
checksum = "sha256:9fafef4db4f032ce81008d3a1529985d41ceb6ccdf2b388c9ce2f1ed7d32082e"
url = "https://github.com/anchore/syft/releases/download/v1.46.0/syft_1.46.0_linux_arm64.tar.gz"
url_api = "https://api.github.com/repos/anchore/syft/releases/assets/458512839"

[tools.syft."platforms.linux-x64"]
checksum = "sha256:d654f678b709eb53c393d38519d5ed7d2e57205529404018614cfefa0fb2b5ca"
url = "https://github.com/anchore/syft/releases/download/v1.46.0/syft_1.46.0_linux_amd64.tar.gz"
url_api = "https://api.github.com/repos/anchore/syft/releases/assets/458512846"

[tools.syft."platforms.linux-x64-baseline"]
checksum = "sha256:d654f678b709eb53c393d38519d5ed7d2e57205529404018614cfefa0fb2b5ca"
url = "https://github.com/anchore/syft/releases/download/v1.46.0/syft_1.46.0_linux_amd64.tar.gz"
url_api = "https://api.github.com/repos/anchore/syft/releases/assets/458512846"

[tools.syft."platforms.linux-x64-musl"]
checksum = "sha256:d654f678b709eb53c393d38519d5ed7d2e57205529404018614cfefa0fb2b5ca"
url = "https://github.com/anchore/syft/releases/download/v1.46.0/syft_1.46.0_linux_amd64.tar.gz"
url_api = "https://api.github.com/repos/anchore/syft/releases/assets/458512846"

[tools.syft."platforms.linux-x64-musl-baseline"]
checksum = "sha256:d654f678b709eb53c393d38519d5ed7d2e57205529404018614cfefa0fb2b5ca"
url = "https://github.com/anchore/syft/releases/download/v1.46.0/syft_1.46.0_linux_amd64.tar.gz"
url_api = "https://api.github.com/repos/anchore/syft/releases/assets/458512846"

[tools.syft."platforms.macos-arm64"]
checksum = "sha256:cd4e2c40e075684a5746d8959f76b6572bb2d2dda8cf6877dbfff1cc0baeea01"
url = "https://github.com/anchore/syft/releases/download/v1.46.0/syft_1.46.0_darwin_arm64.tar.gz"
url_api = "https://api.github.com/repos/anchore/syft/releases/assets/458512850"

[tools.syft."platforms.macos-x64"]
checksum = "sha256:5c983db13533de02e5331aae88091116f25365840741f86234084a30166672a7"
url = "https://github.com/anchore/syft/releases/download/v1.46.0/syft_1.46.0_darwin_amd64.tar.gz"
url_api = "https://api.github.com/repos/anchore/syft/releases/assets/458512854"

[tools.syft."platforms.macos-x64-baseline"]
checksum = "sha256:5c983db13533de02e5331aae88091116f25365840741f86234084a30166672a7"
url = "https://github.com/anchore/syft/releases/download/v1.46.0/syft_1.46.0_darwin_amd64.tar.gz"
url_api = "https://api.github.com/repos/anchore/syft/releases/assets/458512854"

[tools.syft."platforms.windows-x64"]
checksum = "sha256:1e515c1ac4bc65917f8d0a52b6ae0e611082779cbf2da9d470282158dd24ea13"
url = "https://github.com/anchore/syft/releases/download/v1.46.0/syft_1.46.0_windows_amd64.zip"
url_api = "https://api.github.com/repos/anchore/syft/releases/assets/458512848"

[tools.syft."platforms.windows-x64-baseline"]
checksum = "sha256:1e515c1ac4bc65917f8d0a52b6ae0e611082779cbf2da9d470282158dd24ea13"
url = "https://github.com/anchore/syft/releases/download/v1.46.0/syft_1.46.0_windows_amd64.zip"
url_api = "https://api.github.com/repos/anchore/syft/releases/assets/458512848"

[[tools.taplo]]
version = "0.10.0"
backend = "aqua:tamasfe/taplo"

[tools.taplo."platforms.linux-arm64"]
url = "https://github.com/tamasfe/taplo/releases/download/0.10.0/taplo-linux-aarch64.gz"
url_api = "https://api.github.com/repos/tamasfe/taplo/releases/assets/257322597"

[tools.taplo."platforms.linux-arm64-musl"]
url = "https://github.com/tamasfe/taplo/releases/download/0.10.0/taplo-linux-aarch64.gz"
url_api = "https://api.github.com/repos/tamasfe/taplo/releases/assets/257322597"

[tools.taplo."platforms.linux-x64"]
url = "https://github.com/tamasfe/taplo/releases/download/0.10.0/taplo-linux-x86_64.gz"
url_api = "https://api.github.com/repos/tamasfe/taplo/releases/assets/257322600"

[tools.taplo."platforms.linux-x64-baseline"]
url = "https://github.com/tamasfe/taplo/releases/download/0.10.0/taplo-linux-x86_64.gz"
url_api = "https://api.github.com/repos/tamasfe/taplo/releases/assets/257322600"

[tools.taplo."platforms.linux-x64-musl"]
url = "https://github.com/tamasfe/taplo/releases/download/0.10.0/taplo-linux-x86_64.gz"
url_api = "https://api.github.com/repos/tamasfe/taplo/releases/assets/257322600"

[tools.taplo."platforms.linux-x64-musl-baseline"]
url = "https://github.com/tamasfe/taplo/releases/download/0.10.0/taplo-linux-x86_64.gz"
url_api = "https://api.github.com/repos/tamasfe/taplo/releases/assets/257322600"

[tools.taplo."platforms.macos-arm64"]
url = "https://github.com/tamasfe/taplo/releases/download/0.10.0/taplo-darwin-aarch64.gz"
url_api = "https://api.github.com/repos/tamasfe/taplo/releases/assets/257323110"

[tools.taplo."platforms.macos-x64"]
url = "https://github.com/tamasfe/taplo/releases/download/0.10.0/taplo-darwin-x86_64.gz"
url_api = "https://api.github.com/repos/tamasfe/taplo/releases/assets/257323116"

[tools.taplo."platforms.macos-x64-baseline"]
url = "https://github.com/tamasfe/taplo/releases/download/0.10.0/taplo-darwin-x86_64.gz"
url_api = "https://api.github.com/repos/tamasfe/taplo/releases/assets/257323116"

[tools.taplo."platforms.windows-x64"]
url = "https://github.com/tamasfe/taplo/releases/download/0.10.0/taplo-windows-x86_64.zip"
url_api = "https://api.github.com/repos/tamasfe/taplo/releases/assets/257323062"

[tools.taplo."platforms.windows-x64-baseline"]
url = "https://github.com/tamasfe/taplo/releases/download/0.10.0/taplo-windows-x86_64.zip"
url_api = "https://api.github.com/repos/tamasfe/taplo/releases/assets/257323062"
